
Microsoft Visual Studio Solution File, Format Version 12.00
# Visual Studio Version 16
VisualStudioVersion = 16.0.30011.22
MinimumVisualStudioVersion = 10.0.40219.1
Project("{FAE04EC0-301F-11D3-BF4B-00C04F79EFBC}") = "CursoCsharp", "CursoCsharp.csproj", "{ACB2F1D3-1E37-4990-85B9-22C12AB97F7E}"
EndProject
Global
	GlobalSection(SolutionConfigurationPlatforms) = preSolution
		Debug|Any CPU = Debug|Any CPU
		Release|Any CPU = Release|Any CPU
	EndGlobalSection
	GlobalSection(ProjectConfigurationPlatforms) = postSolution
		{ACB2F1D3-1E37-4990-85B9-22C12AB97F7E}.Debug|Any CPU.ActiveCfg = Debug|Any CPU
		{ACB2F1D3-1E37-4990-85B9-22C12AB97F7E}.Debug|Any CPU.Build.0 = Debug|Any CPU
		{ACB2F1D3-1E37-4990-85B9-22C12AB97F7E}.Release|Any CPU.ActiveCfg = Release|Any CPU
		{ACB2F1D3-1E37-4990-85B9-22C12AB97F7E}.Release|Any CPU.Build.0 = Release|Any CPU
	EndGlobalSection
	GlobalSection(SolutionProperties) = preSolution
		HideSolutionNode = FALSE
	EndGlobalSection
	GlobalSection(ExtensibilityGlobals) = postSolution
		SolutionGuid = {F2A94A86-98EE-437B-A49C-06EBBE2353BE}
	EndGlobalSection
EndGlobal
